
Microsoft Visual Studio Solution File, Format Version 12.00
# Visual Studio Version 17
VisualStudioVersion = 17.2.32519.379
MinimumVisualStudioVersion = 10.0.40219.1
Project("{FAE04EC0-301F-11D3-BF4B-00C04F79EFBC}") = "Lab6", "Lab6.csproj", "{EEE53916-D98A-46EA-B6D0-1C3EC7EBCBD9}"
EndProject
Global
	GlobalSection(SolutionConfigurationPlatforms) = preSolution
		Debug|Any CPU = Debug|Any CPU
		Release|Any CPU = Release|Any CPU
	EndGlobalSection
	GlobalSection(ProjectConfigurationPlatforms) = postSolution
		{EEE53916-D98A-46EA-B6D0-1C3EC7EBCBD9}.Debug|Any CPU.ActiveCfg = Debug|Any CPU
		{EEE53916-D98A-46EA-B6D0-1C3EC7EBCBD9}.Debug|Any CPU.Build.0 = Debug|Any CPU
		{EEE53916-D98A-46EA-B6D0-1C3EC7EBCBD9}.Release|Any CPU.ActiveCfg = Release|Any CPU
		{EEE53916-D98A-46EA-B6D0-1C3EC7EBCBD9}.Release|Any CPU.Build.0 = Release|Any CPU
	EndGlobalSection
	GlobalSection(SolutionProperties) = preSolution
		HideSolutionNode = FALSE
	EndGlobalSection
	GlobalSection(ExtensibilityGlobals) = postSolution
		SolutionGuid = {819E387E-DF4C-47EA-B783-54086A8CE839}
	EndGlobalSection
EndGlobal
